
Microsoft Visual Studio Solution File, Format Version 12.00
# Visual Studio Version 17
VisualStudioVersion = 17.7.34202.233
MinimumVisualStudioVersion = 10.0.40219.1
Project("{9A19103F-16F7-4668-BE54-9A1E7A4F7556}") = "ObservablePattern", "ObservablePattern\ObservablePattern.csproj", "{51AEE94D-305A-43AD-A1CD-3AAC8A189D49}"
EndProject
Project("{FAE04EC0-301F-11D3-BF4B-00C04F79EFBC}") = "DecoratorPattern", "DecoratorPattern\DecoratorPattern.csproj", "{E51E4300-B483-4FF3-B97C-E2FEF97CF5E0}"
EndProject
Project("{FAE04EC0-301F-11D3-BF4B-00C04F79EFBC}") = "FactoryPattern", "FactoryPattern\FactoryPattern.csproj", "{F039CABE-1CBA-4CB2-9960-B7B5C18796DE}"
EndProject
Project("{FAE04EC0-301F-11D3-BF4B-00C04F79EFBC}") = "AdapterPattern", "AdapterPattern\AdapterPattern.csproj", "{78D9BF32-8313-4E79-B193-7ECC68C2A26B}"
EndProject
Global
	GlobalSection(SolutionConfigurationPlatforms) = preSolution
		Debug|Any CPU = Debug|Any CPU
		Release|Any CPU = Release|Any CPU
	EndGlobalSection
	GlobalSection(ProjectConfigurationPlatforms) = postSolution
		{51AEE94D-305A-43AD-A1CD-3AAC8A189D49}.Debug|Any CPU.ActiveCfg = Debug|Any CPU
		{51AEE94D-305A-43AD-A1CD-3AAC8A189D49}.Debug|Any CPU.Build.0 = Debug|Any CPU
		{51AEE94D-305A-43AD-A1CD-3AAC8A189D49}.Release|Any CPU.ActiveCfg = Release|Any CPU
		{51AEE94D-305A-43AD-A1CD-3AAC8A189D49}.Release|Any CPU.Build.0 = Release|Any CPU
		{E51E4300-B483-4FF3-B97C-E2FEF97CF5E0}.Debug|Any CPU.ActiveCfg = Debug|Any CPU
		{E51E4300-B483-4FF3-B97C-E2FEF97CF5E0}.Debug|Any CPU.Build.0 = Debug|Any CPU
		{E51E4300-B483-4FF3-B97C-E2FEF97CF5E0}.Release|Any CPU.ActiveCfg = Release|Any CPU
		{E51E4300-B483-4FF3-B97C-E2FEF97CF5E0}.Release|Any CPU.Build.0 = Release|Any CPU
		{F039CABE-1CBA-4CB2-9960-B7B5C18796DE}.Debug|Any CPU.ActiveCfg = Debug|Any CPU
		{F039CABE-1CBA-4CB2-9960-B7B5C18796DE}.Debug|Any CPU.Build.0 = Debug|Any CPU
		{F039CABE-1CBA-4CB2-9960-B7B5C18796DE}.Release|Any CPU.ActiveCfg = Release|Any CPU
		{F039CABE-1CBA-4CB2-9960-B7B5C18796DE}.Release|Any CPU.Build.0 = Release|Any CPU
		{78D9BF32-8313-4E79-B193-7ECC68C2A26B}.Debug|Any CPU.ActiveCfg = Debug|Any CPU
		{78D9BF32-8313-4E79-B193-7ECC68C2A26B}.Debug|Any CPU.Build.0 = Debug|Any CPU
		{78D9BF32-8313-4E79-B193-7ECC68C2A26B}.Release|Any CPU.ActiveCfg = Release|Any CPU
		{78D9BF32-8313-4E79-B193-7ECC68C2A26B}.Release|Any CPU.Build.0 = Release|Any CPU
	EndGlobalSection
	GlobalSection(SolutionProperties) = preSolution
		HideSolutionNode = FALSE
	EndGlobalSection
	GlobalSection(ExtensibilityGlobals) = postSolution
		SolutionGuid = {F14D5F86-8682-42B1-ADA1-59D0E5CC6069}
	EndGlobalSection
EndGlobal
